
Microsoft Visual Studio Solution File, Format Version 12.00
# Visual Studio 15
VisualStudioVersion = 15.0.28307.421
MinimumVisualStudioVersion = 10.0.40219.1
Project("{FAE04EC0-301F-11D3-BF4B-00C04F79EFBC}") = "AntiEncoding", "Encoding\AntiEncoding.csproj", "{86CD9721-A47E-4135-91E7-0EDC1DEC9196}"
EndProject
Project("{FAE04EC0-301F-11D3-BF4B-00C04F79EFBC}") = "Encode", "Encode\Encode.csproj", "{ACF471DC-28DB-44D6-8603-E40EDEF4B726}"
EndProject
Global
	GlobalSection(SolutionConfigurationPlatforms) = preSolution
		Debug|Any CPU = Debug|Any CPU
		Release|Any CPU = Release|Any CPU
	EndGlobalSection
	GlobalSection(ProjectConfigurationPlatforms) = postSolution
		{86CD9721-A47E-4135-91E7-0EDC1DEC9196}.Debug|Any CPU.ActiveCfg = Debug|Any CPU
		{86CD9721-A47E-4135-91E7-0EDC1DEC9196}.Debug|Any CPU.Build.0 = Debug|Any CPU
		{86CD9721-A47E-4135-91E7-0EDC1DEC9196}.Release|Any CPU.ActiveCfg = Release|Any CPU
		{86CD9721-A47E-4135-91E7-0EDC1DEC9196}.Release|Any CPU.Build.0 = Release|Any CPU
		{ACF471DC-28DB-44D6-8603-E40EDEF4B726}.Debug|Any CPU.ActiveCfg = Debug|Any CPU
		{ACF471DC-28DB-44D6-8603-E40EDEF4B726}.Debug|Any CPU.Build.0 = Debug|Any CPU
		{ACF471DC-28DB-44D6-8603-E40EDEF4B726}.Release|Any CPU.ActiveCfg = Release|Any CPU
		{ACF471DC-28DB-44D6-8603-E40EDEF4B726}.Release|Any CPU.Build.0 = Release|Any CPU
	EndGlobalSection
	GlobalSection(SolutionProperties) = preSolution
		HideSolutionNode = FALSE
	EndGlobalSection
	GlobalSection(ExtensibilityGlobals) = postSolution
		SolutionGuid = {ADCF5E3F-C8EF-4EF5-AB01-594A2E3FEE38}
	EndGlobalSection
EndGlobal
